<?xml version="1.0" encoding="utf-8"?>
<Project ToolsVersion="4.0" xmlns="http://schemas.microsoft.com/developer/msbuild/2003">
  <ItemGroup>
    <Filter Include="소스 파일">
      <UniqueIdentifier>{4FC737F1-C7A5-4376-A066-2A32D752A2FF}</UniqueIdentifier>
      <Extensions>cpp;c;cc;cxx;def;odl;idl;hpj;bat;asm;asmx</Extensions>
    </Filter>
    <Filter Include="헤더 파일">
      <UniqueIdentifier>{93995380-89BD-4b04-88EB-625FBE52EBFB}</UniqueIdentifier>
      <Extensions>h;hpp;hxx;hm;inl;inc;xsd</Extensions>
    </Filter>
    <Filter Include="리소스 파일">
      <UniqueIdentifier>{67DA6AB6-F800-4c08-8B7A-83BB121AAD01}</UniqueIdentifier>
      <Extensions>rc;ico;cur;bmp;dlg;rc2;rct;bin;rgs;gif;jpg;jpeg;jpe;resx;tiff;tif;png;wav;mfcribbon-ms</Extensions>
    </Filter>
    <Filter Include="소스 파일\basic">
      <UniqueIdentifier>{20651067-48f9-4160-91fc-63f61dc2c8fc}</UniqueIdentifier>
    </Filter>
    <Filter Include="소스 파일\intro_scene">
      <UniqueIdentifier>{60508e33-98c3-45bd-8f4b-4bbd86b5eafe}</UniqueIdentifier>
    </Filter>
    <Filter Include="소스 파일\query_scene">
      <UniqueIdentifier>{2205d9ef-0ea8-47ea-91fb-64ab47f04faf}</UniqueIdentifier>
    </Filter>
    <Filter Include="소스 파일\sv">
      <UniqueIdentifier>{f22f391a-824e-4420-9265-e3221ff68f27}</UniqueIdentifier>
    </Filter>
    <Filter Include="소스 파일\play_scene">
      <UniqueIdentifier>{6c9f405c-6f63-45b9-880d-c957bf7ebdd8}</UniqueIdentifier>
    </Filter>
    <Filter Include="소스 파일\net_interface">
      <UniqueIdentifier>{acab3289-26a2-4200-b7a0-72f5cc336236}</UniqueIdentifier>
    </Filter>
  </ItemGroup>
  <ItemGroup>
    <ClCompile Include="main.cpp">
      <Filter>소스 파일</Filter>
    </ClCompile>
    <ClCompile Include="loaded_libs.cpp">
      <Filter>소스 파일</Filter>
    </ClCompile>
    <ClCompile Include="basic\d_input.cpp">
      <Filter>소스 파일\basic</Filter>
    </ClCompile>
    <ClCompile Include="basic\logger.cpp">
      <Filter>소스 파일\basic</Filter>
    </ClCompile>
    <ClCompile Include="intro_scene.cpp">
      <Filter>소스 파일\intro_scene</Filter>
    </ClCompile>
    <ClCompile Include="asset.cpp">
      <Filter>소스 파일</Filter>
    </ClCompile>
    <ClCompile Include="util.cpp">
      <Filter>소스 파일</Filter>
    </ClCompile>
    <ClCompile Include="director.cpp">
      <Filter>소스 파일</Filter>
    </ClCompile>
    <ClCompile Include="basic\edit_text.cpp">
      <Filter>소스 파일\basic</Filter>
    </ClCompile>
    <ClCompile Include="basic\menu.cpp">
      <Filter>소스 파일\basic</Filter>
    </ClCompile>
    <ClCompile Include="query_scene.cpp">
      <Filter>소스 파일\query_scene</Filter>
    </ClCompile>
    <ClCompile Include="play_scene.cpp">
      <Filter>소스 파일\play_scene</Filter>
    </ClCompile>
    <ClCompile Include="chat_box.cpp">
      <Filter>소스 파일\play_scene</Filter>
    </ClCompile>
    <ClCompile Include="player.cpp">
      <Filter>소스 파일\play_scene</Filter>
    </ClCompile>
    <ClCompile Include="protocol.cpp">
      <Filter>소스 파일</Filter>
    </ClCompile>
    <ClCompile Include="net_interface.cpp">
      <Filter>소스 파일\net_interface</Filter>
    </ClCompile>
    <ClCompile Include="sv\sv_play_scene.cpp">
      <Filter>소스 파일\sv</Filter>
    </ClCompile>
    <ClCompile Include="sv\sv_wait_scene.cpp">
      <Filter>소스 파일\sv</Filter>
    </ClCompile>
    <ClCompile Include="sv\sv_service.cpp">
      <Filter>소스 파일\sv</Filter>
    </ClCompile>
    <ClCompile Include="sv\sv_scene.cpp">
      <Filter>소스 파일\sv</Filter>
    </ClCompile>
    <ClCompile Include="sv\sv_global.cpp">
      <Filter>소스 파일\sv</Filter>
    </ClCompile>
    <ClCompile Include="sv\sv_util.cpp">
      <Filter>소스 파일\sv</Filter>
    </ClCompile>
    <ClCompile Include="logic.cpp">
      <Filter>소스 파일</Filter>
    </ClCompile>
    <ClCompile Include="gamer.cpp">
      <Filter>소스 파일\play_scene</Filter>
    </ClCompile>
    <ClCompile Include="sv\sv_director.cpp">
      <Filter>소스 파일\sv</Filter>
    </ClCompile>
    <ClCompile Include="pop_msg.cpp">
      <Filter>소스 파일\play_scene</Filter>
    </ClCompile>
    <ClCompile Include="sfx_mgr.cpp">
      <Filter>소스 파일</Filter>
    </ClCompile>
    <ClCompile Include="basic\string_convert.cpp">
      <Filter>소스 파일\basic</Filter>
    </ClCompile>
  </ItemGroup>
  <ItemGroup>
    <ClInclude Include="internal.h">
      <Filter>소스 파일</Filter>
    </ClInclude>
    <ClInclude Include="basic\logger.h">
      <Filter>소스 파일\basic</Filter>
    </ClInclude>
    <ClInclude Include="basic\d_input.h">
      <Filter>소스 파일\basic</Filter>
    </ClInclude>
    <ClInclude Include="scene.h">
      <Filter>소스 파일</Filter>
    </ClInclude>
    <ClInclude Include="intro_scene.h">
      <Filter>소스 파일\intro_scene</Filter>
    </ClInclude>
    <ClInclude Include="util.h">
      <Filter>소스 파일</Filter>
    </ClInclude>
    <ClInclude Include="asset.h">
      <Filter>소스 파일</Filter>
    </ClInclude>
    <ClInclude Include="basic\s_map.h">
      <Filter>소스 파일\basic</Filter>
    </ClInclude>
    <ClInclude Include="director.h">
      <Filter>소스 파일</Filter>
    </ClInclude>
    <ClInclude Include="basic\signal_queue.h">
      <Filter>소스 파일\basic</Filter>
    </ClInclude>
    <ClInclude Include="basic\edit_text.h">
      <Filter>소스 파일\basic</Filter>
    </ClInclude>
    <ClInclude Include="basic\menu.h">
      <Filter>소스 파일\basic</Filter>
    </ClInclude>
    <ClInclude Include="global.h">
      <Filter>소스 파일</Filter>
    </ClInclude>
    <ClInclude Include="query_scene.h">
      <Filter>소스 파일\query_scene</Filter>
    </ClInclude>
    <ClInclude Include="protocol.h">
      <Filter>소스 파일</Filter>
    </ClInclude>
    <ClInclude Include="play_scene.h">
      <Filter>소스 파일\play_scene</Filter>
    </ClInclude>
    <ClInclude Include="chat_box.h">
      <Filter>소스 파일\play_scene</Filter>
    </ClInclude>
    <ClInclude Include="player.h">
      <Filter>소스 파일\play_scene</Filter>
    </ClInclude>
    <ClInclude Include="net_interface.h">
      <Filter>소스 파일\net_interface</Filter>
    </ClInclude>
    <ClInclude Include="sv\sv_play_scene.h">
      <Filter>소스 파일\sv</Filter>
    </ClInclude>
    <ClInclude Include="sv\sv_wait_scene.h">
      <Filter>소스 파일\sv</Filter>
    </ClInclude>
    <ClInclude Include="sv\sv_service.h">
      <Filter>소스 파일\sv</Filter>
    </ClInclude>
    <ClInclude Include="sv\sv_scene.h">
      <Filter>소스 파일\sv</Filter>
    </ClInclude>
    <ClInclude Include="sv\sv_internal.h">
      <Filter>소스 파일\sv</Filter>
    </ClInclude>
    <ClInclude Include="sv\sv_global.h">
      <Filter>소스 파일\sv</Filter>
    </ClInclude>
    <ClInclude Include="sv\sv_util.h">
      <Filter>소스 파일\sv</Filter>
    </ClInclude>
    <ClInclude Include="logic.h">
      <Filter>소스 파일</Filter>
    </ClInclude>
    <ClInclude Include="gamer.h">
      <Filter>소스 파일\play_scene</Filter>
    </ClInclude>
    <ClInclude Include="sv\sv_scene_ids.h">
      <Filter>소스 파일\sv</Filter>
    </ClInclude>
    <ClInclude Include="sv\sv_director.h">
      <Filter>소스 파일\sv</Filter>
    </ClInclude>
    <ClInclude Include="pop_msg.h">
      <Filter>소스 파일\play_scene</Filter>
    </ClInclude>
    <ClInclude Include="sfx_mgr.h">
      <Filter>소스 파일</Filter>
    </ClInclude>
    <ClInclude Include="basic\string_convert.h">
      <Filter>소스 파일\basic</Filter>
    </ClInclude>
  </ItemGroup>
</Project>